// !$*UTF8*$!
{
	archiveVersion = 1;
	classes = {
	};
	objectVersion = 48;
	objects = {

/* Begin PBXBuildFile section */
		04AD7F2D21AE748800F3CDA7 /* AppDelegate.m in Sources */ = {isa = PBXBuildFile; fileRef = 04AD7F2C21AE748800F3CDA7 /* AppDelegate.m */; };
		04AD7F3321AE748800F3CDA7 /* Main.storyboard in Resources */ = {isa = PBXBuildFile; fileRef = 04AD7F3121AE748800F3CDA7 /* Main.storyboard */; };
		04AD7F3521AE748800F3CDA7 /* Assets.xcassets in Resources */ = {isa = PBXBuildFile; fileRef = 04AD7F3421AE748800F3CDA7 /* Assets.xcassets */; };
		04AD7F3821AE748800F3CDA7 /* LaunchScreen.storyboard in Resources */ = {isa = PBXBuildFile; fileRef = 04AD7F3621AE748800F3CDA7 /* LaunchScreen.storyboard */; };
		04AD7F3B21AE748800F3CDA7 /* main.m in Sources */ = {isa = PBXBuildFile; fileRef = 04AD7F3A21AE748800F3CDA7 /* main.m */; };
		04AD7F4521AE748800F3CDA7 /* ComponentModuleBTests.m in Sources */ = {isa = PBXBuildFile; fileRef = 04AD7F4421AE748800F3CDA7 /* ComponentModuleBTests.m */; };
		04AD7F5021AE748800F3CDA7 /* ComponentModuleBUITests.m in Sources */ = {isa = PBXBuildFile; fileRef = 04AD7F4F21AE748800F3CDA7 /* ComponentModuleBUITests.m */; };
		04AD7F6621AE74A800F3CDA7 /* DemoTableViewController.m in Sources */ = {isa = PBXBuildFile; fileRef = 04AD7F5E21AE74A800F3CDA7 /* DemoTableViewController.m */; };
		04AD7F6721AE74A800F3CDA7 /* DemoGroupTableViewController.m in Sources */ = {isa = PBXBuildFile; fileRef = 04AD7F6021AE74A800F3CDA7 /* DemoGroupTableViewController.m */; };
		04AD7F6821AE74A800F3CDA7 /* ViewController.m in Sources */ = {isa = PBXBuildFile; fileRef = 04AD7F6121AE74A800F3CDA7 /* ViewController.m */; };
		04AD7F6921AE74A800F3CDA7 /* YYFPSLabel.m in Sources */ = {isa = PBXBuildFile; fileRef = 04AD7F6221AE74A800F3CDA7 /* YYFPSLabel.m */; };
/* End PBXBuildFile section */

/* Begin PBXContainerItemProxy section */
		04AD7F4121AE748800F3CDA7 /* PBXContainerItemProxy */ = {
			isa = PBXContainerItemProxy;
			containerPortal = 04AD7F2021AE748800F3CDA7 /* Project object */;
			proxyType = 1;
			remoteGlobalIDString = 04AD7F2721AE748800F3CDA7;
			remoteInfo = ComponentModuleB;
		};
		04AD7F4C21AE748800F3CDA7 /* PBXContainerItemProxy */ = {
			isa = PBXContainerItemProxy;
			containerPortal = 04AD7F2021AE748800F3CDA7 /* Project object */;
			proxyType = 1;
			remoteGlobalIDString = 04AD7F2721AE748800F3CDA7;
			remoteInfo = ComponentModuleB;
		};
/* End PBXContainerItemProxy section */

/* Begin PBXFileReference section */
		04AD7F2821AE748800F3CDA7 /* ComponentModuleB.app */ = {isa = PBXFileReference; explicitFileType = wrapper.application; includeInIndex = 0; path = ComponentModuleB.app; sourceTree = BUILT_PRODUCTS_DIR; };
		04AD7F2B21AE748800F3CDA7 /* AppDelegate.h */ = {isa = PBXFileReference; lastKnownFileType = sourcecode.c.h; path = AppDelegate.h; sourceTree = "<group>"; };
		04AD7F2C21AE748800F3CDA7 /* AppDelegate.m */ = {isa = PBXFileReference; lastKnownFileType = sourcecode.c.objc; path = AppDelegate.m; sourceTree = "<group>"; };
		04AD7F3221AE748800F3CDA7 /* Base */ = {isa = PBXFileReference; lastKnownFileType = file.storyboard; name = Base; path = Base.lproj/Main.storyboard; sourceTree = "<group>"; };
		04AD7F3421AE748800F3CDA7 /* Assets.xcassets */ = {isa = PBXFileReference; lastKnownFileType = folder.assetcatalog; path = Assets.xcassets; sourceTree = "<group>"; };
		04AD7F3721AE748800F3CDA7 /* Base */ = {isa = PBXFileReference; lastKnownFileType = file.storyboard; name = Base; path = Base.lproj/LaunchScreen.storyboard; sourceTree = "<group>"; };
		04AD7F3921AE748800F3CDA7 /* Info.plist */ = {isa = PBXFileReference; lastKnownFileType = text.plist.xml; path = Info.plist; sourceTree = "<group>"; };
		04AD7F3A21AE748800F3CDA7 /* main.m */ = {isa = PBXFileReference; lastKnownFileType = sourcecode.c.objc; path = main.m; sourceTree = "<group>"; };
		04AD7F4021AE748800F3CDA7 /* ComponentModuleBTests.xctest */ = {isa = PBXFileReference; explicitFileType = wrapper.cfbundle; includeInIndex = 0; path = ComponentModuleBTests.xctest; sourceTree = BUILT_PRODUCTS_DIR; };
		04AD7F4421AE748800F3CDA7 /* ComponentModuleBTests.m */ = {isa = PBXFileReference; lastKnownFileType = sourcecode.c.objc; path = ComponentModuleBTests.m; sourceTree = "<group>"; };
		04AD7F4621AE748800F3CDA7 /* Info.plist */ = {isa = PBXFileReference; lastKnownFileType = text.plist.xml; path = Info.plist; sourceTree = "<group>"; };
		04AD7F4B21AE748800F3CDA7 /* ComponentModuleBUITests.xctest */ = {isa = PBXFileReference; explicitFileType = wrapper.cfbundle; includeInIndex = 0; path = ComponentModuleBUITests.xctest; sourceTree = BUILT_PRODUCTS_DIR; };
		04AD7F4F21AE748800F3CDA7 /* ComponentModuleBUITests.m */ = {isa = PBXFileReference; lastKnownFileType = sourcecode.c.objc; path = ComponentModuleBUITests.m; sourceTree = "<group>"; };
		04AD7F5121AE748800F3CDA7 /* Info.plist */ = {isa = PBXFileReference; lastKnownFileType = text.plist.xml; path = Info.plist; sourceTree = "<group>"; };
		04AD7F5E21AE74A800F3CDA7 /* DemoTableViewController.m */ = {isa = PBXFileReference; fileEncoding = 4; lastKnownFileType = sourcecode.c.objc; path = DemoTableViewController.m; sourceTree = "<group>"; };
		04AD7F5F21AE74A800F3CDA7 /* YYFPSLabel.h */ = {isa = PBXFileReference; fileEncoding = 4; lastKnownFileType = sourcecode.c.h; path = YYFPSLabel.h; sourceTree = "<group>"; };
		04AD7F6021AE74A800F3CDA7 /* DemoGroupTableViewController.m */ = {isa = PBXFileReference; fileEncoding = 4; lastKnownFileType = sourcecode.c.objc; path = DemoGroupTableViewController.m; sourceTree = "<group>"; };
		04AD7F6121AE74A800F3CDA7 /* ViewController.m */ = {isa = PBXFileReference; fileEncoding = 4; lastKnownFileType = sourcecode.c.objc; path = ViewController.m; sourceTree = "<group>"; };
		04AD7F6221AE74A800F3CDA7 /* YYFPSLabel.m */ = {isa = PBXFileReference; fileEncoding = 4; lastKnownFileType = sourcecode.c.objc; path = YYFPSLabel.m; sourceTree = "<group>"; };
		04AD7F6321AE74A800F3CDA7 /* DemoTableViewController.h */ = {isa = PBXFileReference; fileEncoding = 4; lastKnownFileType = sourcecode.c.h; path = DemoTableViewController.h; sourceTree = "<group>"; };
		04AD7F6421AE74A800F3CDA7 /* DemoGroupTableViewController.h */ = {isa = PBXFileReference; fileEncoding = 4; lastKnownFileType = sourcecode.c.h; path = DemoGroupTableViewController.h; sourceTree = "<group>"; };
		04AD7F6521AE74A800F3CDA7 /* ViewController.h */ = {isa = PBXFileReference; fileEncoding = 4; lastKnownFileType = sourcecode.c.h; path = ViewController.h; sourceTree = "<group>"; };
/* End PBXFileReference section */

/* Begin PBXFrameworksBuildPhase section */
		04AD7F2521AE748800F3CDA7 /* Frameworks */ = {
			isa = PBXFrameworksBuildPhase;
			buildActionMask = 2147483647;
			files = (
			);
			runOnlyForDeploymentPostprocessing = 0;
		};
		04AD7F3D21AE748800F3CDA7 /* Frameworks */ = {
			isa = PBXFrameworksBuildPhase;
			buildActionMask = 2147483647;
			files = (
			);
			runOnlyForDeploymentPostprocessing = 0;
		};
		04AD7F4821AE748800F3CDA7 /* Frameworks */ = {
			isa = PBXFrameworksBuildPhase;
			buildActionMask = 2147483647;
			files = (
			);
			runOnlyForDeploymentPostprocessing = 0;
		};
/* End PBXFrameworksBuildPhase section */

/* Begin PBXGroup section */
		04AD7F1F21AE748800F3CDA7 = {
			isa = PBXGroup;
			children = (
				04AD7F2A21AE748800F3CDA7 /* ComponentModuleB */,
				04AD7F4321AE748800F3CDA7 /* ComponentModuleBTests */,
				04AD7F4E21AE748800F3CDA7 /* ComponentModuleBUITests */,
				04AD7F2921AE748800F3CDA7 /* Products */,
			);
			sourceTree = "<group>";
		};
		04AD7F2921AE748800F3CDA7 /* Products */ = {
			isa = PBXGroup;
			children = (
				04AD7F2821AE748800F3CDA7 /* ComponentModuleB.app */,
				04AD7F4021AE748800F3CDA7 /* ComponentModuleBTests.xctest */,
				04AD7F4B21AE748800F3CDA7 /* ComponentModuleBUITests.xctest */,
			);
			name = Products;
			sourceTree = "<group>";
		};
		04AD7F2A21AE748800F3CDA7 /* ComponentModuleB */ = {
			isa = PBXGroup;
			children = (
				04AD7F5D21AE74A800F3CDA7 /* Controller */,
				04AD7F2B21AE748800F3CDA7 /* AppDelegate.h */,
				04AD7F2C21AE748800F3CDA7 /* AppDelegate.m */,
				04AD7F3121AE748800F3CDA7 /* Main.storyboard */,
				04AD7F3421AE748800F3CDA7 /* Assets.xcassets */,
				04AD7F3621AE748800F3CDA7 /* LaunchScreen.storyboard */,
				04AD7F3921AE748800F3CDA7 /* Info.plist */,
				04AD7F3A21AE748800F3CDA7 /* main.m */,
			);
			path = ComponentModuleB;
			sourceTree = "<group>";
		};
		04AD7F4321AE748800F3CDA7 /* ComponentModuleBTests */ = {
			isa = PBXGroup;
			children = (
				04AD7F4421AE748800F3CDA7 /* ComponentModuleBTests.m */,
				04AD7F4621AE748800F3CDA7 /* Info.plist */,
			);
			path = ComponentModuleBTests;
			sourceTree = "<group>";
		};
		04AD7F4E21AE748800F3CDA7 /* ComponentModuleBUITests */ = {
			isa = PBXGroup;
			children = (
				04AD7F4F21AE748800F3CDA7 /* ComponentModuleBUITests.m */,
				04AD7F5121AE748800F3CDA7 /* Info.plist */,
			);
			path = ComponentModuleBUITests;
			sourceTree = "<group>";
		};
		04AD7F5D21AE74A800F3CDA7 /* Controller */ = {
			isa = PBXGroup;
			children = (
				04AD7F5E21AE74A800F3CDA7 /* DemoTableViewController.m */,
				04AD7F5F21AE74A800F3CDA7 /* YYFPSLabel.h */,
				04AD7F6021AE74A800F3CDA7 /* DemoGroupTableViewController.m */,
				04AD7F6221AE74A800F3CDA7 /* YYFPSLabel.m */,
				04AD7F6321AE74A800F3CDA7 /* DemoTableViewController.h */,
				04AD7F6421AE74A800F3CDA7 /* DemoGroupTableViewController.h */,
				04AD7F6521AE74A800F3CDA7 /* ViewController.h */,
				04AD7F6121AE74A800F3CDA7 /* ViewController.m */,
			);
			path = Controller;
			sourceTree = "<group>";
		};
/* End PBXGroup section */

/* Begin PBXNativeTarget section */
		04AD7F2721AE748800F3CDA7 /* ComponentModuleB */ = {
			isa = PBXNativeTarget;
			buildConfigurationList = 04AD7F5421AE748800F3CDA7 /* Build configuration list for PBXNativeTarget "ComponentModuleB" */;
			buildPhases = (
				04AD7F2421AE748800F3CDA7 /* Sources */,
				04AD7F2521AE748800F3CDA7 /* Frameworks */,
				04AD7F2621AE748800F3CDA7 /* Resources */,
			);
			buildRules = (
			);
			dependencies = (
			);
			name = ComponentModuleB;
			productName = ComponentModuleB;
			productReference = 04AD7F2821AE748800F3CDA7 /* ComponentModuleB.app */;
			productType = "com.apple.product-type.application";
		};
		04AD7F3F21AE748800F3CDA7 /* ComponentModuleBTests */ = {
			isa = PBXNativeTarget;
			buildConfigurationList = 04AD7F5721AE748800F3CDA7 /* Build configuration list for PBXNativeTarget "ComponentModuleBTests" */;
			buildPhases = (
				04AD7F3C21AE748800F3CDA7 /* Sources */,
				04AD7F3D21AE748800F3CDA7 /* Frameworks */,
				04AD7F3E21AE748800F3CDA7 /* Resources */,
			);
			buildRules = (
			);
			dependencies = (
				04AD7F4221AE748800F3CDA7 /* PBXTargetDependency */,
			);
			name = ComponentModuleBTests;
			productName = ComponentModuleBTests;
			productReference = 04AD7F4021AE748800F3CDA7 /* ComponentModuleBTests.xctest */;
			productType = "com.apple.product-type.bundle.unit-test";
		};
		04AD7F4A21AE748800F3CDA7 /* ComponentModuleBUITests */ = {
			isa = PBXNativeTarget;
			buildConfigurationList = 04AD7F5A21AE748800F3CDA7 /* Build configuration list for PBXNativeTarget "ComponentModuleBUITests" */;
			buildPhases = (
				04AD7F4721AE748800F3CDA7 /* Sources */,
				04AD7F4821AE748800F3CDA7 /* Frameworks */,
				04AD7F4921AE748800F3CDA7 /* Resources */,
			);
			buildRules = (
			);
			dependencies = (
				04AD7F4D21AE748800F3CDA7 /* PBXTargetDependency */,
			);
			name = ComponentModuleBUITests;
			productName = ComponentModuleBUITests;
			productReference = 04AD7F4B21AE748800F3CDA7 /* ComponentModuleBUITests.xctest */;
			productType = "com.apple.product-type.bundle.ui-testing";
		};
/* End PBXNativeTarget section */

/* Begin PBXProject section */
		04AD7F2021AE748800F3CDA7 /* Project object */ = {
			isa = PBXProject;
			attributes = {
				LastUpgradeCheck = 0920;
				ORGANIZATIONNAME = bianla;
				TargetAttributes = {
					04AD7F2721AE748800F3CDA7 = {
						CreatedOnToolsVersion = 9.2;
						ProvisioningStyle = Automatic;
					};
					04AD7F3F21AE748800F3CDA7 = {
						CreatedOnToolsVersion = 9.2;
						ProvisioningStyle = Automatic;
						TestTargetID = 04AD7F2721AE748800F3CDA7;
					};
					04AD7F4A21AE748800F3CDA7 = {
						CreatedOnToolsVersion = 9.2;
						ProvisioningStyle = Automatic;
						TestTargetID = 04AD7F2721AE748800F3CDA7;
					};
				};
			};
			buildConfigurationList = 04AD7F2321AE748800F3CDA7 /* Build configuration list for PBXProject "ComponentModuleB" */;
			compatibilityVersion = "Xcode 8.0";
			developmentRegion = en;
			hasScannedForEncodings = 0;
			knownRegions = (
				en,
				Base,
			);
			mainGroup = 04AD7F1F21AE748800F3CDA7;
			productRefGroup = 04AD7F2921AE748800F3CDA7 /* Products */;
			projectDirPath = "";
			projectRoot = "";
			targets = (
				04AD7F2721AE748800F3CDA7 /* ComponentModuleB */,
				04AD7F3F21AE748800F3CDA7 /* ComponentModuleBTests */,
				04AD7F4A21AE748800F3CDA7 /* ComponentModuleBUITests */,
			);
		};
/* End PBXProject section */

/* Begin PBXResourcesBuildPhase section */
		04AD7F2621AE748800F3CDA7 /* Resources */ = {
			isa = PBXResourcesBuildPhase;
			buildActionMask = 2147483647;
			files = (
				04AD7F3821AE748800F3CDA7 /* LaunchScreen.storyboard in Resources */,
				04AD7F3521AE748800F3CDA7 /* Assets.xcassets in Resources */,
				04AD7F3321AE748800F3CDA7 /* Main.storyboard in Resources */,
			);
			runOnlyForDeploymentPostprocessing = 0;
		};
		04AD7F3E21AE748800F3CDA7 /* Resources */ = {
			isa = PBXResourcesBuildPhase;
			buildActionMask = 2147483647;
			files = (
			);
			runOnlyForDeploymentPostprocessing = 0;
		};
		04AD7F4921AE748800F3CDA7 /* Resources */ = {
			isa = PBXResourcesBuildPhase;
			buildActionMask = 2147483647;
			files = (
			);
			runOnlyForDeploymentPostprocessing = 0;
		};
/* End PBXResourcesBuildPhase section */

/* Begin PBXSourcesBuildPhase section */
		04AD7F2421AE748800F3CDA7 /* Sources */ = {
			isa = PBXSourcesBuildPhase;
			buildActionMask = 2147483647;
			files = (
				04AD7F6921AE74A800F3CDA7 /* YYFPSLabel.m in Sources */,
				04AD7F6821AE74A800F3CDA7 /* ViewController.m in Sources */,
				04AD7F6721AE74A800F3CDA7 /* DemoGroupTableViewController.m in Sources */,
				04AD7F6621AE74A800F3CDA7 /* DemoTableViewController.m in Sources */,
				04AD7F3B21AE748800F3CDA7 /* main.m in Sources */,
				04AD7F2D21AE748800F3CDA7 /* AppDelegate.m in Sources */,
			);
			runOnlyForDeploymentPostprocessing = 0;
		};
		04AD7F3C21AE748800F3CDA7 /* Sources */ = {
			isa = PBXSourcesBuildPhase;
			buildActionMask = 2147483647;
			files = (
				04AD7F4521AE748800F3CDA7 /* ComponentModuleBTests.m in Sources */,
			);
			runOnlyForDeploymentPostprocessing = 0;
		};
		04AD7F4721AE748800F3CDA7 /* Sources */ = {
			isa = PBXSourcesBuildPhase;
			buildActionMask = 2147483647;
			files = (
				04AD7F5021AE748800F3CDA7 /* ComponentModuleBUITests.m in Sources */,
			);
			runOnlyForDeploymentPostprocessing = 0;
		};
/* End PBXSourcesBuildPhase section */

/* Begin PBXTargetDependency section */
		04AD7F4221AE748800F3CDA7 /* PBXTargetDependency */ = {
			isa = PBXTargetDependency;
			target = 04AD7F2721AE748800F3CDA7 /* ComponentModuleB */;
			targetProxy = 04AD7F4121AE748800F3CDA7 /* PBXContainerItemProxy */;
		};
		04AD7F4D21AE748800F3CDA7 /* PBXTargetDependency */ = {
			isa = PBXTargetDependency;
			target = 04AD7F2721AE748800F3CDA7 /* ComponentModuleB */;
			targetProxy = 04AD7F4C21AE748800F3CDA7 /* PBXContainerItemProxy */;
		};
/* End PBXTargetDependency section */

/* Begin PBXVariantGroup section */
		04AD7F3121AE748800F3CDA7 /* Main.storyboard */ = {
			isa = PBXVariantGroup;
			children = (
				04AD7F3221AE748800F3CDA7 /* Base */,
			);
			name = Main.storyboard;
			sourceTree = "<group>";
		};
		04AD7F3621AE748800F3CDA7 /* LaunchScreen.storyboard */ = {
			isa = PBXVariantGroup;
			children = (
				04AD7F3721AE748800F3CDA7 /* Base */,
			);
			name = LaunchScreen.storyboard;
			sourceTree = "<group>";
		};
/* End PBXVariantGroup section */

/* Begin XCBuildConfiguration section */
		04AD7F5221AE748800F3CDA7 /* Debug */ = {
			isa = XCBuildConfiguration;
			buildSettings = {
				ALWAYS_SEARCH_USER_PATHS = NO;
				CLANG_ANALYZER_NONNULL = YES;
				CLANG_ANALYZER_NUMBER_OBJECT_CONVERSION = YES_AGGRESSIVE;
				CLANG_CXX_LANGUAGE_STANDARD = "gnu++14";
				CLANG_CXX_LIBRARY = "libc++";
				CLANG_ENABLE_MODULES = YES;
				CLANG_ENABLE_OBJC_ARC = YES;
				CLANG_WARN_BLOCK_CAPTURE_AUTORELEASING = YES;
				CLANG_WARN_BOOL_CONVERSION = YES;
				CLANG_WARN_COMMA = YES;
				CLANG_WARN_CONSTANT_CONVERSION = YES;
				CLANG_WARN_DIRECT_OBJC_ISA_USAGE = YES_ERROR;
				CLANG_WARN_DOCUMENTATION_COMMENTS = YES;
				CLANG_WARN_EMPTY_BODY = YES;
				CLANG_WARN_ENUM_CONVERSION = YES;
				CLANG_WARN_INFINITE_RECURSION = YES;
				CLANG_WARN_INT_CONVERSION = YES;
				CLANG_WARN_NON_LITERAL_NULL_CONVERSION = YES;
				CLANG_WARN_OBJC_LITERAL_CONVERSION = YES;
				CLANG_WARN_OBJC_ROOT_CLASS = YES_ERROR;
				CLANG_WARN_RANGE_LOOP_ANALYSIS = YES;
				CLANG_WARN_STRICT_PROTOTYPES = YES;
				CLANG_WARN_SUSPICIOUS_MOVE = YES;
				CLANG_WARN_UNGUARDED_AVAILABILITY = YES_AGGRESSIVE;
				CLANG_WARN_UNREACHABLE_CODE = YES;
				CLANG_WARN__DUPLICATE_METHOD_MATCH = YES;
				CODE_SIGN_IDENTITY = "iPhone Developer";
				COPY_PHASE_STRIP = NO;
				DEBUG_INFORMATION_FORMAT = dwarf;
				ENABLE_STRICT_OBJC_MSGSEND = YES;
				ENABLE_TESTABILITY = YES;
				GCC_C_LANGUAGE_STANDARD = gnu11;
				GCC_DYNAMIC_NO_PIC = NO;
				GCC_NO_COMMON_BLOCKS = YES;
				GCC_OPTIMIZATION_LEVEL = 0;
				GCC_PREPROCESSOR_DEFINITIONS = (
					"DEBUG=1",
					"$(inherited)",
				);
				GCC_WARN_64_TO_32_BIT_CONVERSION = YES;
				GCC_WARN_ABOUT_RETURN_TYPE = YES_ERROR;
				GCC_WARN_UNDECLARED_SELECTOR = YES;
				GCC_WARN_UNINITIALIZED_AUTOS = YES_AGGRESSIVE;
				GCC_WARN_UNUSED_FUNCTION = YES;
				GCC_WARN_UNUSED_VARIABLE = YES;
				IPHONEOS_DEPLOYMENT_TARGET = 11.2;
				MTL_ENABLE_DEBUG_INFO = YES;
				ONLY_ACTIVE_ARCH = YES;
				SDKROOT = iphoneos;
			};
			name = Debug;
		};
		04AD7F5321AE748800F3CDA7 /* Release */ = {
			isa = XCBuildConfiguration;
			buildSettings = {
				ALWAYS_SEARCH_USER_PATHS = NO;
				CLANG_ANALYZER_NONNULL = YES;
				CLANG_ANALYZER_NUMBER_OBJECT_CONVERSION = YES_AGGRESSIVE;
				CLANG_CXX_LANGUAGE_STANDARD = "gnu++14";
				CLANG_CXX_LIBRARY = "libc++";
				CLANG_ENABLE_MODULES = YES;
				CLANG_ENABLE_OBJC_ARC = YES;
				CLANG_WARN_BLOCK_CAPTURE_AUTORELEASING = YES;
				CLANG_WARN_BOOL_CONVERSION = YES;
				CLANG_WARN_COMMA = YES;
				CLANG_WARN_CONSTANT_CONVERSION = YES;
				CLANG_WARN_DIRECT_OBJC_ISA_USAGE = YES_ERROR;
				CLANG_WARN_DOCUMENTATION_COMMENTS = YES;
				CLANG_WARN_EMPTY_BODY = YES;
				CLANG_WARN_ENUM_CONVERSION = YES;
				CLANG_WARN_INFINITE_RECURSION = YES;
				CLANG_WARN_INT_CONVERSION = YES;
				CLANG_WARN_NON_LITERAL_NULL_CONVERSION = YES;
				CLANG_WARN_OBJC_LITERAL_CONVERSION = YES;
				CLANG_WARN_OBJC_ROOT_CLASS = YES_ERROR;
				CLANG_WARN_RANGE_LOOP_ANALYSIS = YES;
				CLANG_WARN_STRICT_PROTOTYPES = YES;
				CLANG_WARN_SUSPICIOUS_MOVE = YES;
				CLANG_WARN_UNGUARDED_AVAILABILITY = YES_AGGRESSIVE;
				CLANG_WARN_UNREACHABLE_CODE = YES;
				CLANG_WARN__DUPLICATE_METHOD_MATCH = YES;
				CODE_SIGN_IDENTITY = "iPhone Developer";
				COPY_PHASE_STRIP = NO;
				DEBUG_INFORMATION_FORMAT = "dwarf-with-dsym";
				ENABLE_NS_ASSERTIONS = NO;
				ENABLE_STRICT_OBJC_MSGSEND = YES;
				GCC_C_LANGUAGE_STANDARD = gnu11;
				GCC_NO_COMMON_BLOCKS = YES;
				GCC_WARN_64_TO_32_BIT_CONVERSION = YES;
				GCC_WARN_ABOUT_RETURN_TYPE = YES_ERROR;
				GCC_WARN_UNDECLARED_SELECTOR = YES;
				GCC_WARN_UNINITIALIZED_AUTOS = YES_AGGRESSIVE;
				GCC_WARN_UNUSED_FUNCTION = YES;
				GCC_WARN_UNUSED_VARIABLE = YES;
				IPHONEOS_DEPLOYMENT_TARGET = 11.2;
				MTL_ENABLE_DEBUG_INFO = NO;
				SDKROOT = iphoneos;
				VALIDATE_PRODUCT = YES;
			};
			name = Release;
		};
		04AD7F5521AE748800F3CDA7 /* Debug */ = {
			isa = XCBuildConfiguration;
			buildSettings = {
				ASSETCATALOG_COMPILER_APPICON_NAME = AppIcon;
				CODE_SIGN_STYLE = Automatic;
				INFOPLIST_FILE = ComponentModuleB/Info.plist;
				LD_RUNPATH_SEARCH_PATHS = "$(inherited) @executable_path/Frameworks";
				PRODUCT_BUNDLE_IDENTIFIER = com.bianla.ComponentModuleB;
				PRODUCT_NAME = "$(TARGET_NAME)";
				TARGETED_DEVICE_FAMILY = "1,2";
			};
			name = Debug;
		};
		04AD7F5621AE748800F3CDA7 /* Release */ = {
			isa = XCBuildConfiguration;
			buildSettings = {
				ASSETCATALOG_COMPILER_APPICON_NAME = AppIcon;
				CODE_SIGN_STYLE = Automatic;
				INFOPLIST_FILE = ComponentModuleB/Info.plist;
				LD_RUNPATH_SEARCH_PATHS = "$(inherited) @executable_path/Frameworks";
				PRODUCT_BUNDLE_IDENTIFIER = com.bianla.ComponentModuleB;
				PRODUCT_NAME = "$(TARGET_NAME)";
				TARGETED_DEVICE_FAMILY = "1,2";
			};
			name = Release;
		};
		04AD7F5821AE748800F3CDA7 /* Debug */ = {
			isa = XCBuildConfiguration;
			buildSettings = {
				BUNDLE_LOADER = "$(TEST_HOST)";
				CODE_SIGN_STYLE = Automatic;
				INFOPLIST_FILE = ComponentModuleBTests/Info.plist;
				LD_RUNPATH_SEARCH_PATHS = "$(inherited) @executable_path/Frameworks @loader_path/Frameworks";
				PRODUCT_BUNDLE_IDENTIFIER = com.bianla.ComponentModuleBTests;
				PRODUCT_NAME = "$(TARGET_NAME)";
				TARGETED_DEVICE_FAMILY = "1,2";
				TEST_HOST = "$(BUILT_PRODUCTS_DIR)/ComponentModuleB.app/ComponentModuleB";
			};
			name = Debug;
		};
		04AD7F5921AE748800F3CDA7 /* Release */ = {
			isa = XCBuildConfiguration;
			buildSettings = {
				BUNDLE_LOADER = "$(TEST_HOST)";
				CODE_SIGN_STYLE = Automatic;
				INFOPLIST_FILE = ComponentModuleBTests/Info.plist;
				LD_RUNPATH_SEARCH_PATHS = "$(inherited) @executable_path/Frameworks @loader_path/Frameworks";
				PRODUCT_BUNDLE_IDENTIFIER = com.bianla.ComponentModuleBTests;
				PRODUCT_NAME = "$(TARGET_NAME)";
				TARGETED_DEVICE_FAMILY = "1,2";
				TEST_HOST = "$(BUILT_PRODUCTS_DIR)/ComponentModuleB.app/ComponentModuleB";
			};
			name = Release;
		};
		04AD7F5B21AE748800F3CDA7 /* Debug */ = {
			isa = XCBuildConfiguration;
			buildSettings = {
				CODE_SIGN_STYLE = Automatic;
				INFOPLIST_FILE = ComponentModuleBUITests/Info.plist;
				LD_RUNPATH_SEARCH_PATHS = "$(inherited) @executable_path/Frameworks @loader_path/Frameworks";
				PRODUCT_BUNDLE_IDENTIFIER = com.bianla.ComponentModuleBUITests;
				PRODUCT_NAME = "$(TARGET_NAME)";
				TARGETED_DEVICE_FAMILY = "1,2";
				TEST_TARGET_NAME = ComponentModuleB;
			};
			name = Debug;
		};
		04AD7F5C21AE748800F3CDA7 /* Release */ = {
			isa = XCBuildConfiguration;
			buildSettings = {
				CODE_SIGN_STYLE = Automatic;
				INFOPLIST_FILE = ComponentModuleBUITests/Info.plist;
				LD_RUNPATH_SEARCH_PATHS = "$(inherited) @executable_path/Frameworks @loader_path/Frameworks";
				PRODUCT_BUNDLE_IDENTIFIER = com.bianla.ComponentModuleBUITests;
				PRODUCT_NAME = "$(TARGET_NAME)";
				TARGETED_DEVICE_FAMILY = "1,2";
				TEST_TARGET_NAME = ComponentModuleB;
			};
			name = Release;
		};
/* End XCBuildConfiguration section */

/* Begin XCConfigurationList section */
		04AD7F2321AE748800F3CDA7 /* Build configuration list for PBXProject "ComponentModuleB" */ = {
			isa = XCConfigurationList;
			buildConfigurations = (
				04AD7F5221AE748800F3CDA7 /* Debug */,
				04AD7F5321AE748800F3CDA7 /* Release */,
			);
			defaultConfigurationIsVisible = 0;
			defaultConfigurationName = Release;
		};
		04AD7F5421AE748800F3CDA7 /* Build configuration list for PBXNativeTarget "ComponentModuleB" */ = {
			isa = XCConfigurationList;
			buildConfigurations = (
				04AD7F5521AE748800F3CDA7 /* Debug */,
				04AD7F5621AE748800F3CDA7 /* Release */,
			);
			defaultConfigurationIsVisible = 0;
			defaultConfigurationName = Release;
		};
		04AD7F5721AE748800F3CDA7 /* Build configuration list for PBXNativeTarget "ComponentModuleBTests" */ = {
			isa = XCConfigurationList;
			buildConfigurations = (
				04AD7F5821AE748800F3CDA7 /* Debug */,
				04AD7F5921AE748800F3CDA7 /* Release */,
			);
			defaultConfigurationIsVisible = 0;
			defaultConfigurationName = Release;
		};
		04AD7F5A21AE748800F3CDA7 /* Build configuration list for PBXNativeTarget "ComponentModuleBUITests" */ = {
			isa = XCConfigurationList;
			buildConfigurations = (
				04AD7F5B21AE748800F3CDA7 /* Debug */,
				04AD7F5C21AE748800F3CDA7 /* Release */,
			);
			defaultConfigurationIsVisible = 0;
			defaultConfigurationName = Release;
		};
/* End XCConfigurationList section */
	};
	rootObject = 04AD7F2021AE748800F3CDA7 /* Project object */;
}
